
Microsoft Visual Studio Solution File, Format Version 12.00
# Visual Studio Version 17
VisualStudioVersion = 17.11.35327.3
MinimumVisualStudioVersion = 10.0.40219.1
Project("{FAE04EC0-301F-11D3-BF4B-00C04F79EFBC}") = "Ex014", "Ex014.csproj", "{E5A5476C-3F32-4152-8FBF-A47174875419}"
EndProject
Global
	GlobalSection(SolutionConfigurationPlatforms) = preSolution
		Debug|Any CPU = Debug|Any CPU
		Release|Any CPU = Release|Any CPU
	EndGlobalSection
	GlobalSection(ProjectConfigurationPlatforms) = postSolution
		{E5A5476C-3F32-4152-8FBF-A47174875419}.Debug|Any CPU.ActiveCfg = Debug|Any CPU
		{E5A5476C-3F32-4152-8FBF-A47174875419}.Debug|Any CPU.Build.0 = Debug|Any CPU
		{E5A5476C-3F32-4152-8FBF-A47174875419}.Release|Any CPU.ActiveCfg = Release|Any CPU
		{E5A5476C-3F32-4152-8FBF-A47174875419}.Release|Any CPU.Build.0 = Release|Any CPU
	EndGlobalSection
	GlobalSection(SolutionProperties) = preSolution
		HideSolutionNode = FALSE
	EndGlobalSection
	GlobalSection(ExtensibilityGlobals) = postSolution
		SolutionGuid = {5BC66D6B-CE0F-4E9D-B87A-1ED7D743218A}
	EndGlobalSection
EndGlobal
