
Microsoft Visual Studio Solution File, Format Version 12.00
# Visual Studio Version 17
VisualStudioVersion = 17.11.35327.3
MinimumVisualStudioVersion = 10.0.40219.1
Project("{FAE04EC0-301F-11D3-BF4B-00C04F79EFBC}") = "Ex023AreaTerreno", "Ex023AreaTerreno.csproj", "{320C6658-211C-4CF3-9B94-265E4B9F5F20}"
EndProject
Global
	GlobalSection(SolutionConfigurationPlatforms) = preSolution
		Debug|Any CPU = Debug|Any CPU
		Release|Any CPU = Release|Any CPU
	EndGlobalSection
	GlobalSection(ProjectConfigurationPlatforms) = postSolution
		{320C6658-211C-4CF3-9B94-265E4B9F5F20}.Debug|Any CPU.ActiveCfg = Debug|Any CPU
		{320C6658-211C-4CF3-9B94-265E4B9F5F20}.Debug|Any CPU.Build.0 = Debug|Any CPU
		{320C6658-211C-4CF3-9B94-265E4B9F5F20}.Release|Any CPU.ActiveCfg = Release|Any CPU
		{320C6658-211C-4CF3-9B94-265E4B9F5F20}.Release|Any CPU.Build.0 = Release|Any CPU
	EndGlobalSection
	GlobalSection(SolutionProperties) = preSolution
		HideSolutionNode = FALSE
	EndGlobalSection
	GlobalSection(ExtensibilityGlobals) = postSolution
		SolutionGuid = {260FF69A-90D5-40FA-AB87-B7D938593FC5}
	EndGlobalSection
EndGlobal
