
Microsoft Visual Studio Solution File, Format Version 12.00
# Visual Studio Version 17
VisualStudioVersion = 17.11.35327.3
MinimumVisualStudioVersion = 10.0.40219.1
Project("{FAE04EC0-301F-11D3-BF4B-00C04F79EFBC}") = "Ex022Matriz", "Ex022Matriz.csproj", "{F580F70D-75FE-4E32-B822-E1893C6F7D70}"
EndProject
Global
	GlobalSection(SolutionConfigurationPlatforms) = preSolution
		Debug|Any CPU = Debug|Any CPU
		Release|Any CPU = Release|Any CPU
	EndGlobalSection
	GlobalSection(ProjectConfigurationPlatforms) = postSolution
		{F580F70D-75FE-4E32-B822-E1893C6F7D70}.Debug|Any CPU.ActiveCfg = Debug|Any CPU
		{F580F70D-75FE-4E32-B822-E1893C6F7D70}.Debug|Any CPU.Build.0 = Debug|Any CPU
		{F580F70D-75FE-4E32-B822-E1893C6F7D70}.Release|Any CPU.ActiveCfg = Release|Any CPU
		{F580F70D-75FE-4E32-B822-E1893C6F7D70}.Release|Any CPU.Build.0 = Release|Any CPU
	EndGlobalSection
	GlobalSection(SolutionProperties) = preSolution
		HideSolutionNode = FALSE
	EndGlobalSection
	GlobalSection(ExtensibilityGlobals) = postSolution
		SolutionGuid = {6806285A-DA15-4DEA-8D52-661A0D6A3BC2}
	EndGlobalSection
EndGlobal
