
Microsoft Visual Studio Solution File, Format Version 12.00
# Visual Studio Version 17
VisualStudioVersion = 17.11.35327.3
MinimumVisualStudioVersion = 10.0.40219.1
Project("{FAE04EC0-301F-11D3-BF4B-00C04F79EFBC}") = "ConsoleApp1", "ConsoleApp1\ConsoleApp1.csproj", "{BE4973BE-24B9-4A1F-BD0F-D0F3AAA4BF7B}"
EndProject
Global
	GlobalSection(SolutionConfigurationPlatforms) = preSolution
		Debug|Any CPU = Debug|Any CPU
		Release|Any CPU = Release|Any CPU
	EndGlobalSection
	GlobalSection(ProjectConfigurationPlatforms) = postSolution
		{BE4973BE-24B9-4A1F-BD0F-D0F3AAA4BF7B}.Debug|Any CPU.ActiveCfg = Debug|Any CPU
		{BE4973BE-24B9-4A1F-BD0F-D0F3AAA4BF7B}.Debug|Any CPU.Build.0 = Debug|Any CPU
		{BE4973BE-24B9-4A1F-BD0F-D0F3AAA4BF7B}.Release|Any CPU.ActiveCfg = Release|Any CPU
		{BE4973BE-24B9-4A1F-BD0F-D0F3AAA4BF7B}.Release|Any CPU.Build.0 = Release|Any CPU
	EndGlobalSection
	GlobalSection(SolutionProperties) = preSolution
		HideSolutionNode = FALSE
	EndGlobalSection
	GlobalSection(ExtensibilityGlobals) = postSolution
		SolutionGuid = {BC8F7E72-986C-4A80-81F0-0E8BE9883A14}
	EndGlobalSection
EndGlobal
