
Microsoft Visual Studio Solution File, Format Version 12.00
# Visual Studio Version 17
VisualStudioVersion = 17.11.35327.3
MinimumVisualStudioVersion = 10.0.40219.1
Project("{FAE04EC0-301F-11D3-BF4B-00C04F79EFBC}") = "Ex012", "Ex012.csproj", "{93D69524-3014-4826-A75E-6C81D3D5115A}"
EndProject
Global
	GlobalSection(SolutionConfigurationPlatforms) = preSolution
		Debug|Any CPU = Debug|Any CPU
		Release|Any CPU = Release|Any CPU
	EndGlobalSection
	GlobalSection(ProjectConfigurationPlatforms) = postSolution
		{93D69524-3014-4826-A75E-6C81D3D5115A}.Debug|Any CPU.ActiveCfg = Debug|Any CPU
		{93D69524-3014-4826-A75E-6C81D3D5115A}.Debug|Any CPU.Build.0 = Debug|Any CPU
		{93D69524-3014-4826-A75E-6C81D3D5115A}.Release|Any CPU.ActiveCfg = Release|Any CPU
		{93D69524-3014-4826-A75E-6C81D3D5115A}.Release|Any CPU.Build.0 = Release|Any CPU
	EndGlobalSection
	GlobalSection(SolutionProperties) = preSolution
		HideSolutionNode = FALSE
	EndGlobalSection
	GlobalSection(ExtensibilityGlobals) = postSolution
		SolutionGuid = {CBD0E24F-106F-4B18-BCA4-474F68A63C21}
	EndGlobalSection
EndGlobal
