
Microsoft Visual Studio Solution File, Format Version 12.00
# Visual Studio Version 17
VisualStudioVersion = 17.11.35327.3
MinimumVisualStudioVersion = 10.0.40219.1
Project("{FAE04EC0-301F-11D3-BF4B-00C04F79EFBC}") = "Ex008", "Ex008.csproj", "{0CC00894-D202-4D69-AB14-B57C61A14092}"
EndProject
Global
	GlobalSection(SolutionConfigurationPlatforms) = preSolution
		Debug|Any CPU = Debug|Any CPU
		Release|Any CPU = Release|Any CPU
	EndGlobalSection
	GlobalSection(ProjectConfigurationPlatforms) = postSolution
		{0CC00894-D202-4D69-AB14-B57C61A14092}.Debug|Any CPU.ActiveCfg = Debug|Any CPU
		{0CC00894-D202-4D69-AB14-B57C61A14092}.Debug|Any CPU.Build.0 = Debug|Any CPU
		{0CC00894-D202-4D69-AB14-B57C61A14092}.Release|Any CPU.ActiveCfg = Release|Any CPU
		{0CC00894-D202-4D69-AB14-B57C61A14092}.Release|Any CPU.Build.0 = Release|Any CPU
	EndGlobalSection
	GlobalSection(SolutionProperties) = preSolution
		HideSolutionNode = FALSE
	EndGlobalSection
	GlobalSection(ExtensibilityGlobals) = postSolution
		SolutionGuid = {382B3CB6-4210-47BF-8D43-49A00B485590}
	EndGlobalSection
EndGlobal
